// !$*UTF8*$!
{
	archiveVersion = 1;
	classes = {
	};
	objectVersion = 54;
	objects = {

/* Begin PBXBuildFile section */
		1F66ED852AEF570400E4450B /* FirebaseAuth in Frameworks */ = {isa = PBXBuildFile; productRef = 1F66ED842AEF570400E4450B /* FirebaseAuth */; };
		1F66ED872AEF570400E4450B /* FirebaseDatabase in Frameworks */ = {isa = PBXBuildFile; productRef = 1F66ED862AEF570400E4450B /* FirebaseDatabase */; };
		1F66ED892AEF570400E4450B /* FirebaseDatabaseSwift in Frameworks */ = {isa = PBXBuildFile; productRef = 1F66ED882AEF570400E4450B /* FirebaseDatabaseSwift */; };
		1F66ED8B2AEF570400E4450B /* FirebaseFirestore in Frameworks */ = {isa = PBXBuildFile; productRef = 1F66ED8A2AEF570400E4450B /* FirebaseFirestore */; };
		1F66ED8D2AEF570400E4450B /* FirebaseFirestoreSwift in Frameworks */ = {isa = PBXBuildFile; productRef = 1F66ED8C2AEF570400E4450B /* FirebaseFirestoreSwift */; };
		1F66ED8F2AEF570400E4450B /* FirebaseFunctions in Frameworks */ = {isa = PBXBuildFile; productRef = 1F66ED8E2AEF570400E4450B /* FirebaseFunctions */; };
		1F66ED912AEF570400E4450B /* FirebaseFunctionsCombine-Community in Frameworks */ = {isa = PBXBuildFile; productRef = 1F66ED902AEF570400E4450B /* FirebaseFunctionsCombine-Community */; };
		1F66ED932AEF570400E4450B /* FirebaseInAppMessaging-Beta in Frameworks */ = {isa = PBXBuildFile; productRef = 1F66ED922AEF570400E4450B /* FirebaseInAppMessaging-Beta */; };
		1F66ED952AEF570400E4450B /* FirebaseInAppMessagingSwift-Beta in Frameworks */ = {isa = PBXBuildFile; productRef = 1F66ED942AEF570400E4450B /* FirebaseInAppMessagingSwift-Beta */; };
		1F66ED972AEF570400E4450B /* FirebaseMessaging in Frameworks */ = {isa = PBXBuildFile; productRef = 1F66ED962AEF570400E4450B /* FirebaseMessaging */; };
		1F66ED992AEF570400E4450B /* FirebaseStorage in Frameworks */ = {isa = PBXBuildFile; productRef = 1F66ED982AEF570400E4450B /* FirebaseStorage */; };
		1F66ED9B2AEF570400E4450B /* FirebaseStorageCombine-Community in Frameworks */ = {isa = PBXBuildFile; productRef = 1F66ED9A2AEF570400E4450B /* FirebaseStorageCombine-Community */; };
		4C087FD229176A98005B39AB /* Chat.swift in Sources */ = {isa = PBXBuildFile; fileRef = 4C087FD129176A98005B39AB /* Chat.swift */; };
		4C087FD429176B1E005B39AB /* Message.swift in Sources */ = {isa = PBXBuildFile; fileRef = 4C087FD329176B1E005B39AB /* Message.swift */; };
		4C087FD629176D2E005B39AB /* MessageHandler.swift in Sources */ = {isa = PBXBuildFile; fileRef = 4C087FD529176D2E005B39AB /* MessageHandler.swift */; };
		4C163A4924B9087000523D05 /* MasterView.swift in Sources */ = {isa = PBXBuildFile; fileRef = 4C163A4824B9087000523D05 /* MasterView.swift */; };
		4C163A4D24B90A4000523D05 /* User.swift in Sources */ = {isa = PBXBuildFile; fileRef = 4C163A4C24B90A4000523D05 /* User.swift */; };
		4C163A4F24B913AC00523D05 /* GoogleService-Info.plist in Resources */ = {isa = PBXBuildFile; fileRef = 4C163A4E24B913AC00523D05 /* GoogleService-Info.plist */; };
		4C163A5124B9397100523D05 /* UserHandler.swift in Sources */ = {isa = PBXBuildFile; fileRef = 4C163A5024B9397100523D05 /* UserHandler.swift */; };
		4C163A5324B93BDA00523D05 /* SignInView.swift in Sources */ = {isa = PBXBuildFile; fileRef = 4C163A5224B93BDA00523D05 /* SignInView.swift */; };
		4C3108E524BBC9AE003679D7 /* Constants.swift in Sources */ = {isa = PBXBuildFile; fileRef = 4C3108E424BBC9AE003679D7 /* Constants.swift */; };
		4C3108E724BBCDC6003679D7 /* HomeView.swift in Sources */ = {isa = PBXBuildFile; fileRef = 4C3108E624BBCDC6003679D7 /* HomeView.swift */; };
		4C3108E924BBCEF0003679D7 /* MatchListView.swift in Sources */ = {isa = PBXBuildFile; fileRef = 4C3108E824BBCEF0003679D7 /* MatchListView.swift */; };
		4C3108EB24BBCEF9003679D7 /* ProfileView.swift in Sources */ = {isa = PBXBuildFile; fileRef = 4C3108EA24BBCEF9003679D7 /* ProfileView.swift */; };
		4C3108ED24BBCF00003679D7 /* ChatListView.swift in Sources */ = {isa = PBXBuildFile; fileRef = 4C3108EC24BBCF00003679D7 /* ChatListView.swift */; };
		4C37355F295D658C005709B9 /* Attribute.swift in Sources */ = {isa = PBXBuildFile; fileRef = 4C37355E295D658C005709B9 /* Attribute.swift */; };
		4C4DE26829232092002FC036 /* UserService.swift in Sources */ = {isa = PBXBuildFile; fileRef = 4C4DE26729232092002FC036 /* UserService.swift */; };
		4C60113924B562B6003B425A /* InitialView.swift in Sources */ = {isa = PBXBuildFile; fileRef = 4C60113824B562B6003B425A /* InitialView.swift */; };
		4C60113B24B562B8003B425A /* Assets.xcassets in Resources */ = {isa = PBXBuildFile; fileRef = 4C60113A24B562B8003B425A /* Assets.xcassets */; };
		4C60113E24B562B8003B425A /* Preview Assets.xcassets in Resources */ = {isa = PBXBuildFile; fileRef = 4C60113D24B562B8003B425A /* Preview Assets.xcassets */; };
		4C60114124B562B8003B425A /* LaunchScreen.storyboard in Resources */ = {isa = PBXBuildFile; fileRef = 4C60113F24B562B8003B425A /* LaunchScreen.storyboard */; };
		4C743BBF2ADB2BE700C1D171 /* ProfileCreationView.swift in Sources */ = {isa = PBXBuildFile; fileRef = 4C743BBE2ADB2BE700C1D171 /* ProfileCreationView.swift */; };
		4C743BC12ADB603200C1D171 /* App.swift in Sources */ = {isa = PBXBuildFile; fileRef = 4C743BC02ADB603200C1D171 /* App.swift */; };
		4C7A9FD1295E9AEE00A63CBD /* SettingsView.swift in Sources */ = {isa = PBXBuildFile; fileRef = 4C7A9FD0295E9AEE00A63CBD /* SettingsView.swift */; };
		4C944FB828F60A07008153EE /* MessageView.swift in Sources */ = {isa = PBXBuildFile; fileRef = 4C944FB728F60A07008153EE /* MessageView.swift */; };
		4C9BD5EB2925F63100C71498 /* UserView.swift in Sources */ = {isa = PBXBuildFile; fileRef = 4C9BD5EA2925F63100C71498 /* UserView.swift */; };
		4CA744202AF06E90002530D7 /* SDWebImageSwiftUI in Frameworks */ = {isa = PBXBuildFile; productRef = 4CA7441F2AF06E90002530D7 /* SDWebImageSwiftUI */; };
		4CC50CF1292D5980004B495B /* WrappingHStack in Frameworks */ = {isa = PBXBuildFile; productRef = 4CC50CF0292D5980004B495B /* WrappingHStack */; };
		4CC50CF5292DEB32004B495B /* ProfileEditView.swift in Sources */ = {isa = PBXBuildFile; fileRef = 4CC50CF4292DEB32004B495B /* ProfileEditView.swift */; };
		4CCCB160296F47B200232FF5 /* QuestionsView.swift in Sources */ = {isa = PBXBuildFile; fileRef = 4CCCB15F296F47B200232FF5 /* QuestionsView.swift */; };
		4CDB5679292C9E6900873E65 /* SwiftUIBackports in Frameworks */ = {isa = PBXBuildFile; productRef = 4CDB5678292C9E6900873E65 /* SwiftUIBackports */; };
		4CE3B49E24BAB07F00DD1912 /* SignUpView.swift in Sources */ = {isa = PBXBuildFile; fileRef = 4CE3B49D24BAB07F00DD1912 /* SignUpView.swift */; };
		4CEBEBE9262925FB0086D788 /* EditView.swift in Sources */ = {isa = PBXBuildFile; fileRef = 4CEBEBE8262925FB0086D788 /* EditView.swift */; };
/* End PBXBuildFile section */

/* Begin PBXFileReference section */
		4C087FD129176A98005B39AB /* Chat.swift */ = {isa = PBXFileReference; lastKnownFileType = sourcecode.swift; path = Chat.swift; sourceTree = "<group>"; };
		4C087FD329176B1E005B39AB /* Message.swift */ = {isa = PBXFileReference; lastKnownFileType = sourcecode.swift; path = Message.swift; sourceTree = "<group>"; };
		4C087FD529176D2E005B39AB /* MessageHandler.swift */ = {isa = PBXFileReference; lastKnownFileType = sourcecode.swift; path = MessageHandler.swift; sourceTree = "<group>"; };
		4C163A4824B9087000523D05 /* MasterView.swift */ = {isa = PBXFileReference; lastKnownFileType = sourcecode.swift; path = MasterView.swift; sourceTree = "<group>"; };
		4C163A4C24B90A4000523D05 /* User.swift */ = {isa = PBXFileReference; lastKnownFileType = sourcecode.swift; path = User.swift; sourceTree = "<group>"; };
		4C163A4E24B913AC00523D05 /* GoogleService-Info.plist */ = {isa = PBXFileReference; fileEncoding = 4; lastKnownFileType = text.plist.xml; path = "GoogleService-Info.plist"; sourceTree = "<group>"; };
		4C163A5024B9397100523D05 /* UserHandler.swift */ = {isa = PBXFileReference; lastKnownFileType = sourcecode.swift; path = UserHandler.swift; sourceTree = "<group>"; };
		4C163A5224B93BDA00523D05 /* SignInView.swift */ = {isa = PBXFileReference; lastKnownFileType = sourcecode.swift; path = SignInView.swift; sourceTree = "<group>"; };
		4C3108E424BBC9AE003679D7 /* Constants.swift */ = {isa = PBXFileReference; lastKnownFileType = sourcecode.swift; path = Constants.swift; sourceTree = "<group>"; };
		4C3108E624BBCDC6003679D7 /* HomeView.swift */ = {isa = PBXFileReference; lastKnownFileType = sourcecode.swift; path = HomeView.swift; sourceTree = "<group>"; };
		4C3108E824BBCEF0003679D7 /* MatchListView.swift */ = {isa = PBXFileReference; lastKnownFileType = sourcecode.swift; path = MatchListView.swift; sourceTree = "<group>"; };
		4C3108EA24BBCEF9003679D7 /* ProfileView.swift */ = {isa = PBXFileReference; lastKnownFileType = sourcecode.swift; path = ProfileView.swift; sourceTree = "<group>"; };
		4C3108EC24BBCF00003679D7 /* ChatListView.swift */ = {isa = PBXFileReference; lastKnownFileType = sourcecode.swift; path = ChatListView.swift; sourceTree = "<group>"; };
		4C37355E295D658C005709B9 /* Attribute.swift */ = {isa = PBXFileReference; lastKnownFileType = sourcecode.swift; path = Attribute.swift; sourceTree = "<group>"; };
		4C4DE26729232092002FC036 /* UserService.swift */ = {isa = PBXFileReference; lastKnownFileType = sourcecode.swift; path = UserService.swift; sourceTree = "<group>"; };
		4C60113124B562B6003B425A /* Comeet.app */ = {isa = PBXFileReference; explicitFileType = wrapper.application; includeInIndex = 0; path = Comeet.app; sourceTree = BUILT_PRODUCTS_DIR; };
		4C60113824B562B6003B425A /* InitialView.swift */ = {isa = PBXFileReference; lastKnownFileType = sourcecode.swift; path = InitialView.swift; sourceTree = "<group>"; };
		4C60113A24B562B8003B425A /* Assets.xcassets */ = {isa = PBXFileReference; lastKnownFileType = folder.assetcatalog; path = Assets.xcassets; sourceTree = "<group>"; };
		4C60113D24B562B8003B425A /* Preview Assets.xcassets */ = {isa = PBXFileReference; lastKnownFileType = folder.assetcatalog; path = "Preview Assets.xcassets"; sourceTree = "<group>"; };
		4C60114024B562B8003B425A /* Base */ = {isa = PBXFileReference; lastKnownFileType = file.storyboard; name = Base; path = Base.lproj/LaunchScreen.storyboard; sourceTree = "<group>"; };
		4C60114224B562B8003B425A /* Info.plist */ = {isa = PBXFileReference; lastKnownFileType = text.plist.xml; path = Info.plist; sourceTree = "<group>"; };
		4C743BBE2ADB2BE700C1D171 /* ProfileCreationView.swift */ = {isa = PBXFileReference; lastKnownFileType = sourcecode.swift; path = ProfileCreationView.swift; sourceTree = "<group>"; };
		4C743BC02ADB603200C1D171 /* App.swift */ = {isa = PBXFileReference; lastKnownFileType = sourcecode.swift; path = App.swift; sourceTree = "<group>"; };
		4C7A9FD0295E9AEE00A63CBD /* SettingsView.swift */ = {isa = PBXFileReference; lastKnownFileType = sourcecode.swift; path = SettingsView.swift; sourceTree = "<group>"; };
		4C944FB728F60A07008153EE /* MessageView.swift */ = {isa = PBXFileReference; lastKnownFileType = sourcecode.swift; path = MessageView.swift; sourceTree = "<group>"; };
		4C9BD5EA2925F63100C71498 /* UserView.swift */ = {isa = PBXFileReference; lastKnownFileType = sourcecode.swift; path = UserView.swift; sourceTree = "<group>"; };
		4CC50CF2292D7E7F004B495B /* Comeet.entitlements */ = {isa = PBXFileReference; lastKnownFileType = text.plist.entitlements; path = Comeet.entitlements; sourceTree = "<group>"; };
		4CC50CF4292DEB32004B495B /* ProfileEditView.swift */ = {isa = PBXFileReference; lastKnownFileType = sourcecode.swift; path = ProfileEditView.swift; sourceTree = "<group>"; };
		4CCCB15F296F47B200232FF5 /* QuestionsView.swift */ = {isa = PBXFileReference; lastKnownFileType = sourcecode.swift; path = QuestionsView.swift; sourceTree = "<group>"; };
		4CE3B49D24BAB07F00DD1912 /* SignUpView.swift */ = {isa = PBXFileReference; lastKnownFileType = sourcecode.swift; path = SignUpView.swift; sourceTree = "<group>"; };
		4CEBEBE8262925FB0086D788 /* EditView.swift */ = {isa = PBXFileReference; lastKnownFileType = sourcecode.swift; path = EditView.swift; sourceTree = "<group>"; };
/* End PBXFileReference section */

/* Begin PBXFrameworksBuildPhase section */
		4C60112E24B562B6003B425A /* Frameworks */ = {
			isa = PBXFrameworksBuildPhase;
			buildActionMask = 2147483647;
			files = (
				4CA744202AF06E90002530D7 /* SDWebImageSwiftUI in Frameworks */,
				1F66ED892AEF570400E4450B /* FirebaseDatabaseSwift in Frameworks */,
				1F66ED872AEF570400E4450B /* FirebaseDatabase in Frameworks */,
				4CDB5679292C9E6900873E65 /* SwiftUIBackports in Frameworks */,
				1F66ED912AEF570400E4450B /* FirebaseFunctionsCombine-Community in Frameworks */,
				1F66ED8F2AEF570400E4450B /* FirebaseFunctions in Frameworks */,
				4CC50CF1292D5980004B495B /* WrappingHStack in Frameworks */,
				1F66ED932AEF570400E4450B /* FirebaseInAppMessaging-Beta in Frameworks */,
				1F66ED9B2AEF570400E4450B /* FirebaseStorageCombine-Community in Frameworks */,
				1F66ED972AEF570400E4450B /* FirebaseMessaging in Frameworks */,
				1F66ED852AEF570400E4450B /* FirebaseAuth in Frameworks */,
				1F66ED8B2AEF570400E4450B /* FirebaseFirestore in Frameworks */,
				1F66ED992AEF570400E4450B /* FirebaseStorage in Frameworks */,
				1F66ED952AEF570400E4450B /* FirebaseInAppMessagingSwift-Beta in Frameworks */,
				1F66ED8D2AEF570400E4450B /* FirebaseFirestoreSwift in Frameworks */,
			);
			runOnlyForDeploymentPostprocessing = 0;
		};
/* End PBXFrameworksBuildPhase section */

/* Begin PBXGroup section */
		4C163A4724B9085900523D05 /* Views */ = {
			isa = PBXGroup;
			children = (
				4CC50CF3292DDBAD004B495B /* Authentication */,
				4CCE1C2B29196C63008D0C4F /* Chat */,
				4CCE1C2A29196C4F008D0C4F /* Matches */,
				4CCE1C2929196C34008D0C4F /* Profile */,
				4C3108E624BBCDC6003679D7 /* HomeView.swift */,
				4C163A4824B9087000523D05 /* MasterView.swift */,
			);
			path = Views;
			sourceTree = "<group>";
		};
		4C163A4A24B908BC00523D05 /* Controllers */ = {
			isa = PBXGroup;
			children = (
				4C163A5024B9397100523D05 /* UserHandler.swift */,
				4C087FD529176D2E005B39AB /* MessageHandler.swift */,
				4C4DE26729232092002FC036 /* UserService.swift */,
			);
			path = Controllers;
			sourceTree = "<group>";
		};
		4C163A4B24B90A2E00523D05 /* Models */ = {
			isa = PBXGroup;
			children = (
				4C163A4C24B90A4000523D05 /* User.swift */,
				4C3108E424BBC9AE003679D7 /* Constants.swift */,
				4C087FD129176A98005B39AB /* Chat.swift */,
				4C087FD329176B1E005B39AB /* Message.swift */,
				4C37355E295D658C005709B9 /* Attribute.swift */,
			);
			path = Models;
			sourceTree = "<group>";
		};
		4C60112824B562B6003B425A = {
			isa = PBXGroup;
			children = (
				4C60113324B562B6003B425A /* Comeet */,
				4C60113224B562B6003B425A /* Products */,
			);
			sourceTree = "<group>";
		};
		4C60113224B562B6003B425A /* Products */ = {
			isa = PBXGroup;
			children = (
				4C60113124B562B6003B425A /* Comeet.app */,
			);
			name = Products;
			sourceTree = "<group>";
		};
		4C60113324B562B6003B425A /* Comeet */ = {
			isa = PBXGroup;
			children = (
				4C743BC02ADB603200C1D171 /* App.swift */,
				4CC50CF2292D7E7F004B495B /* Comeet.entitlements */,
				4C163A4E24B913AC00523D05 /* GoogleService-Info.plist */,
				4C163A4B24B90A2E00523D05 /* Models */,
				4C163A4724B9085900523D05 /* Views */,
				4C163A4A24B908BC00523D05 /* Controllers */,
				4C60113A24B562B8003B425A /* Assets.xcassets */,
				4C60113F24B562B8003B425A /* LaunchScreen.storyboard */,
				4C60114224B562B8003B425A /* Info.plist */,
				4C60113C24B562B8003B425A /* Preview Content */,
			);
			path = Comeet;
			sourceTree = "<group>";
		};
		4C60113C24B562B8003B425A /* Preview Content */ = {
			isa = PBXGroup;
			children = (
				4C60113D24B562B8003B425A /* Preview Assets.xcassets */,
			);
			path = "Preview Content";
			sourceTree = "<group>";
		};
		4CC50CF3292DDBAD004B495B /* Authentication */ = {
			isa = PBXGroup;
			children = (
				4C60113824B562B6003B425A /* InitialView.swift */,
				4CE3B49D24BAB07F00DD1912 /* SignUpView.swift */,
				4C163A5224B93BDA00523D05 /* SignInView.swift */,
				4CC50CF4292DEB32004B495B /* ProfileEditView.swift */,
				4C743BBE2ADB2BE700C1D171 /* ProfileCreationView.swift */,
			);
			path = Authentication;
			sourceTree = "<group>";
		};
		4CCE1C2929196C34008D0C4F /* Profile */ = {
			isa = PBXGroup;
			children = (
				4CEBEBE8262925FB0086D788 /* EditView.swift */,
				4C3108EA24BBCEF9003679D7 /* ProfileView.swift */,
				4C7A9FD0295E9AEE00A63CBD /* SettingsView.swift */,
				4CCCB15F296F47B200232FF5 /* QuestionsView.swift */,
			);
			path = Profile;
			sourceTree = "<group>";
		};
		4CCE1C2A29196C4F008D0C4F /* Matches */ = {
			isa = PBXGroup;
			children = (
				4C3108E824BBCEF0003679D7 /* MatchListView.swift */,
				4C9BD5EA2925F63100C71498 /* UserView.swift */,
			);
			path = Matches;
			sourceTree = "<group>";
		};
		4CCE1C2B29196C63008D0C4F /* Chat */ = {
			isa = PBXGroup;
			children = (
				4C3108EC24BBCF00003679D7 /* ChatListView.swift */,
				4C944FB728F60A07008153EE /* MessageView.swift */,
			);
			path = Chat;
			sourceTree = "<group>";
		};
/* End PBXGroup section */

/* Begin PBXNativeTarget section */
		4C60113024B562B6003B425A /* Comeet */ = {
			isa = PBXNativeTarget;
			buildConfigurationList = 4C60114524B562B8003B425A /* Build configuration list for PBXNativeTarget "Comeet" */;
			buildPhases = (
				4C60112D24B562B6003B425A /* Sources */,
				4C60112E24B562B6003B425A /* Frameworks */,
				4C60112F24B562B6003B425A /* Resources */,
			);
			buildRules = (
			);
			dependencies = (
			);
			name = Comeet;
			packageProductDependencies = (
				4CDB5678292C9E6900873E65 /* SwiftUIBackports */,
				4CC50CF0292D5980004B495B /* WrappingHStack */,
				1F66ED842AEF570400E4450B /* FirebaseAuth */,
				1F66ED862AEF570400E4450B /* FirebaseDatabase */,
				1F66ED882AEF570400E4450B /* FirebaseDatabaseSwift */,
				1F66ED8A2AEF570400E4450B /* FirebaseFirestore */,
				1F66ED8C2AEF570400E4450B /* FirebaseFirestoreSwift */,
				1F66ED8E2AEF570400E4450B /* FirebaseFunctions */,
				1F66ED902AEF570400E4450B /* FirebaseFunctionsCombine-Community */,
				1F66ED922AEF570400E4450B /* FirebaseInAppMessaging-Beta */,
				1F66ED942AEF570400E4450B /* FirebaseInAppMessagingSwift-Beta */,
				1F66ED962AEF570400E4450B /* FirebaseMessaging */,
				1F66ED982AEF570400E4450B /* FirebaseStorage */,
				1F66ED9A2AEF570400E4450B /* FirebaseStorageCombine-Community */,
				4CA7441F2AF06E90002530D7 /* SDWebImageSwiftUI */,
			);
			productName = Comeet;
			productReference = 4C60113124B562B6003B425A /* Comeet.app */;
			productType = "com.apple.product-type.application";
		};
/* End PBXNativeTarget section */

/* Begin PBXProject section */
		4C60112924B562B6003B425A /* Project object */ = {
			isa = PBXProject;
			attributes = {
				BuildIndependentTargetsInParallel = YES;
				LastSwiftUpdateCheck = 1150;
				LastUpgradeCheck = 1500;
				ORGANIZATIONNAME = "Ice Cream Loaf";
				TargetAttributes = {
					4C60113024B562B6003B425A = {
						CreatedOnToolsVersion = 11.5;
					};
				};
			};
			buildConfigurationList = 4C60112C24B562B6003B425A /* Build configuration list for PBXProject "Comeet" */;
			compatibilityVersion = "Xcode 9.3";
			developmentRegion = en;
			hasScannedForEncodings = 0;
			knownRegions = (
				en,
				Base,
			);
			mainGroup = 4C60112824B562B6003B425A;
			packageReferences = (
				4CDB5677292C9E6900873E65 /* XCRemoteSwiftPackageReference "SwiftUIBackports" */,
				4CC50CEF292D5980004B495B /* XCRemoteSwiftPackageReference "WrappingHStack" */,
				1F66ED832AEF54FB00E4450B /* XCRemoteSwiftPackageReference "firebase-ios-sdk" */,
				4CA7441E2AF06E90002530D7 /* XCRemoteSwiftPackageReference "SDWebImageSwiftUI" */,
			);
			productRefGroup = 4C60113224B562B6003B425A /* Products */;
			projectDirPath = "";
			projectRoot = "";
			targets = (
				4C60113024B562B6003B425A /* Comeet */,
			);
		};
/* End PBXProject section */

/* Begin PBXResourcesBuildPhase section */
		4C60112F24B562B6003B425A /* Resources */ = {
			isa = PBXResourcesBuildPhase;
			buildActionMask = 2147483647;
			files = (
				4C60114124B562B8003B425A /* LaunchScreen.storyboard in Resources */,
				4C163A4F24B913AC00523D05 /* GoogleService-Info.plist in Resources */,
				4C60113E24B562B8003B425A /* Preview Assets.xcassets in Resources */,
				4C60113B24B562B8003B425A /* Assets.xcassets in Resources */,
			);
			runOnlyForDeploymentPostprocessing = 0;
		};
/* End PBXResourcesBuildPhase section */

/* Begin PBXSourcesBuildPhase section */
		4C60112D24B562B6003B425A /* Sources */ = {
			isa = PBXSourcesBuildPhase;
			buildActionMask = 2147483647;
			files = (
				4C3108E724BBCDC6003679D7 /* HomeView.swift in Sources */,
				4C7A9FD1295E9AEE00A63CBD /* SettingsView.swift in Sources */,
				4C163A5124B9397100523D05 /* UserHandler.swift in Sources */,
				4C163A5324B93BDA00523D05 /* SignInView.swift in Sources */,
				4C087FD429176B1E005B39AB /* Message.swift in Sources */,
				4CEBEBE9262925FB0086D788 /* EditView.swift in Sources */,
				4C087FD229176A98005B39AB /* Chat.swift in Sources */,
				4C9BD5EB2925F63100C71498 /* UserView.swift in Sources */,
				4C3108EB24BBCEF9003679D7 /* ProfileView.swift in Sources */,
				4CC50CF5292DEB32004B495B /* ProfileEditView.swift in Sources */,
				4C163A4924B9087000523D05 /* MasterView.swift in Sources */,
				4C3108ED24BBCF00003679D7 /* ChatListView.swift in Sources */,
				4C743BC12ADB603200C1D171 /* App.swift in Sources */,
				4C087FD629176D2E005B39AB /* MessageHandler.swift in Sources */,
				4C3108E924BBCEF0003679D7 /* MatchListView.swift in Sources */,
				4C944FB828F60A07008153EE /* MessageView.swift in Sources */,
				4C4DE26829232092002FC036 /* UserService.swift in Sources */,
				4CE3B49E24BAB07F00DD1912 /* SignUpView.swift in Sources */,
				4C37355F295D658C005709B9 /* Attribute.swift in Sources */,
				4CCCB160296F47B200232FF5 /* QuestionsView.swift in Sources */,
				4C163A4D24B90A4000523D05 /* User.swift in Sources */,
				4C743BBF2ADB2BE700C1D171 /* ProfileCreationView.swift in Sources */,
				4C60113924B562B6003B425A /* InitialView.swift in Sources */,
				4C3108E524BBC9AE003679D7 /* Constants.swift in Sources */,
			);
			runOnlyForDeploymentPostprocessing = 0;
		};
/* End PBXSourcesBuildPhase section */

/* Begin PBXVariantGroup section */
		4C60113F24B562B8003B425A /* LaunchScreen.storyboard */ = {
			isa = PBXVariantGroup;
			children = (
				4C60114024B562B8003B425A /* Base */,
			);
			name = LaunchScreen.storyboard;
			sourceTree = "<group>";
		};
/* End PBXVariantGroup section */

/* Begin XCBuildConfiguration section */
		4C60114324B562B8003B425A /* Debug */ = {
			isa = XCBuildConfiguration;
			buildSettings = {
				ALWAYS_SEARCH_USER_PATHS = NO;
				CLANG_ANALYZER_NONNULL = YES;
				CLANG_ANALYZER_NUMBER_OBJECT_CONVERSION = YES_AGGRESSIVE;
				CLANG_CXX_LANGUAGE_STANDARD = "gnu++14";
				CLANG_CXX_LIBRARY = "libc++";
				CLANG_ENABLE_MODULES = YES;
				CLANG_ENABLE_OBJC_ARC = YES;
				CLANG_ENABLE_OBJC_WEAK = YES;
				CLANG_WARN_BLOCK_CAPTURE_AUTORELEASING = YES;
				CLANG_WARN_BOOL_CONVERSION = YES;
				CLANG_WARN_COMMA = YES;
				CLANG_WARN_CONSTANT_CONVERSION = YES;
				CLANG_WARN_DEPRECATED_OBJC_IMPLEMENTATIONS = YES;
				CLANG_WARN_DIRECT_OBJC_ISA_USAGE = YES_ERROR;
				CLANG_WARN_DOCUMENTATION_COMMENTS = YES;
				CLANG_WARN_EMPTY_BODY = YES;
				CLANG_WARN_ENUM_CONVERSION = YES;
				CLANG_WARN_INFINITE_RECURSION = YES;
				CLANG_WARN_INT_CONVERSION = YES;
				CLANG_WARN_NON_LITERAL_NULL_CONVERSION = YES;
				CLANG_WARN_OBJC_IMPLICIT_RETAIN_SELF = YES;
				CLANG_WARN_OBJC_LITERAL_CONVERSION = YES;
				CLANG_WARN_OBJC_ROOT_CLASS = YES_ERROR;
				CLANG_WARN_QUOTED_INCLUDE_IN_FRAMEWORK_HEADER = YES;
				CLANG_WARN_RANGE_LOOP_ANALYSIS = YES;
				CLANG_WARN_STRICT_PROTOTYPES = YES;
				CLANG_WARN_SUSPICIOUS_MOVE = YES;
				CLANG_WARN_UNGUARDED_AVAILABILITY = YES_AGGRESSIVE;
				CLANG_WARN_UNREACHABLE_CODE = YES;
				CLANG_WARN__DUPLICATE_METHOD_MATCH = YES;
				COPY_PHASE_STRIP = NO;
				DEBUG_INFORMATION_FORMAT = dwarf;
				ENABLE_STRICT_OBJC_MSGSEND = YES;
				ENABLE_TESTABILITY = YES;
				ENABLE_USER_SCRIPT_SANDBOXING = NO;
				GCC_C_LANGUAGE_STANDARD = gnu11;
				GCC_DYNAMIC_NO_PIC = NO;
				GCC_NO_COMMON_BLOCKS = YES;
				GCC_OPTIMIZATION_LEVEL = 0;
				GCC_PREPROCESSOR_DEFINITIONS = (
					"DEBUG=1",
					"$(inherited)",
				);
				GCC_WARN_64_TO_32_BIT_CONVERSION = YES;
				GCC_WARN_ABOUT_RETURN_TYPE = YES_ERROR;
				GCC_WARN_UNDECLARED_SELECTOR = YES;
				GCC_WARN_UNINITIALIZED_AUTOS = YES_AGGRESSIVE;
				GCC_WARN_UNUSED_FUNCTION = YES;
				GCC_WARN_UNUSED_VARIABLE = YES;
				IPHONEOS_DEPLOYMENT_TARGET = 16.0;
				MTL_ENABLE_DEBUG_INFO = INCLUDE_SOURCE;
				MTL_FAST_MATH = YES;
				ONLY_ACTIVE_ARCH = YES;
				SDKROOT = iphoneos;
				SWIFT_ACTIVE_COMPILATION_CONDITIONS = DEBUG;
				SWIFT_OPTIMIZATION_LEVEL = "-Onone";
				SWIFT_VERSION = 5.0;
			};
			name = Debug;
		};
		4C60114424B562B8003B425A /* Release */ = {
			isa = XCBuildConfiguration;
			buildSettings = {
				ALWAYS_SEARCH_USER_PATHS = NO;
				CLANG_ANALYZER_NONNULL = YES;
				CLANG_ANALYZER_NUMBER_OBJECT_CONVERSION = YES_AGGRESSIVE;
				CLANG_CXX_LANGUAGE_STANDARD = "gnu++14";
				CLANG_CXX_LIBRARY = "libc++";
				CLANG_ENABLE_MODULES = YES;
				CLANG_ENABLE_OBJC_ARC = YES;
				CLANG_ENABLE_OBJC_WEAK = YES;
				CLANG_WARN_BLOCK_CAPTURE_AUTORELEASING = YES;
				CLANG_WARN_BOOL_CONVERSION = YES;
				CLANG_WARN_COMMA = YES;
				CLANG_WARN_CONSTANT_CONVERSION = YES;
				CLANG_WARN_DEPRECATED_OBJC_IMPLEMENTATIONS = YES;
				CLANG_WARN_DIRECT_OBJC_ISA_USAGE = YES_ERROR;
				CLANG_WARN_DOCUMENTATION_COMMENTS = YES;
				CLANG_WARN_EMPTY_BODY = YES;
				CLANG_WARN_ENUM_CONVERSION = YES;
				CLANG_WARN_INFINITE_RECURSION = YES;
				CLANG_WARN_INT_CONVERSION = YES;
				CLANG_WARN_NON_LITERAL_NULL_CONVERSION = YES;
				CLANG_WARN_OBJC_IMPLICIT_RETAIN_SELF = YES;
				CLANG_WARN_OBJC_LITERAL_CONVERSION = YES;
				CLANG_WARN_OBJC_ROOT_CLASS = YES_ERROR;
				CLANG_WARN_QUOTED_INCLUDE_IN_FRAMEWORK_HEADER = YES;
				CLANG_WARN_RANGE_LOOP_ANALYSIS = YES;
				CLANG_WARN_STRICT_PROTOTYPES = YES;
				CLANG_WARN_SUSPICIOUS_MOVE = YES;
				CLANG_WARN_UNGUARDED_AVAILABILITY = YES_AGGRESSIVE;
				CLANG_WARN_UNREACHABLE_CODE = YES;
				CLANG_WARN__DUPLICATE_METHOD_MATCH = YES;
				COPY_PHASE_STRIP = NO;
				DEBUG_INFORMATION_FORMAT = "dwarf-with-dsym";
				ENABLE_NS_ASSERTIONS = NO;
				ENABLE_STRICT_OBJC_MSGSEND = YES;
				ENABLE_USER_SCRIPT_SANDBOXING = NO;
				GCC_C_LANGUAGE_STANDARD = gnu11;
				GCC_NO_COMMON_BLOCKS = YES;
				GCC_WARN_64_TO_32_BIT_CONVERSION = YES;
				GCC_WARN_ABOUT_RETURN_TYPE = YES_ERROR;
				GCC_WARN_UNDECLARED_SELECTOR = YES;
				GCC_WARN_UNINITIALIZED_AUTOS = YES_AGGRESSIVE;
				GCC_WARN_UNUSED_FUNCTION = YES;
				GCC_WARN_UNUSED_VARIABLE = YES;
				IPHONEOS_DEPLOYMENT_TARGET = 16.0;
				MTL_ENABLE_DEBUG_INFO = NO;
				MTL_FAST_MATH = YES;
				SDKROOT = iphoneos;
				SWIFT_COMPILATION_MODE = wholemodule;
				SWIFT_OPTIMIZATION_LEVEL = "-O";
				SWIFT_VERSION = 5.0;
				VALIDATE_PRODUCT = YES;
			};
			name = Release;
		};
		4C60114624B562B8003B425A /* Debug */ = {
			isa = XCBuildConfiguration;
			buildSettings = {
				ASSETCATALOG_COMPILER_APPICON_NAME = AppIcon;
				CODE_SIGN_ENTITLEMENTS = Comeet/Comeet.entitlements;
				CODE_SIGN_STYLE = Automatic;
				DEVELOPMENT_ASSET_PATHS = "Comeet/Preview\\ Content Comeet/GoogleService-Info.plist";
				DEVELOPMENT_TEAM = YVLLUWNZ5K;
				ENABLE_PREVIEWS = YES;
				FRAMEWORK_SEARCH_PATHS = (
					"$(PROJECT_DIR)",
					"$(inherited)",
				);
				INFOPLIST_FILE = Comeet/Info.plist;
				INFOPLIST_KEY_CFBundleDisplayName = Comeet;
				INFOPLIST_KEY_LSApplicationCategoryType = "public.app-category.social-networking";
				IPHONEOS_DEPLOYMENT_TARGET = 16.0;
				LD_RUNPATH_SEARCH_PATHS = (
					"$(inherited)",
					"@executable_path/Frameworks",
				);
				MARKETING_VERSION = 0.1;
				PRODUCT_BUNDLE_IDENTIFIER = com.Comeet;
				PRODUCT_NAME = "$(TARGET_NAME)";
				SWIFT_VERSION = 5.0;
				TARGETED_DEVICE_FAMILY = "1,2";
			};
			name = Debug;
		};
		4C60114724B562B8003B425A /* Release */ = {
			isa = XCBuildConfiguration;
			buildSettings = {
				ASSETCATALOG_COMPILER_APPICON_NAME = AppIcon;
				CODE_SIGN_ENTITLEMENTS = Comeet/Comeet.entitlements;
				CODE_SIGN_STYLE = Automatic;
				DEVELOPMENT_ASSET_PATHS = "Comeet/Preview\\ Content Comeet/GoogleService-Info.plist";
				DEVELOPMENT_TEAM = YVLLUWNZ5K;
				ENABLE_PREVIEWS = YES;
				FRAMEWORK_SEARCH_PATHS = (
					"$(inherited)",
					"$(PROJECT_DIR)",
				);
				INFOPLIST_FILE = Comeet/Info.plist;
				INFOPLIST_KEY_CFBundleDisplayName = Comeet;
				INFOPLIST_KEY_LSApplicationCategoryType = "public.app-category.social-networking";
				IPHONEOS_DEPLOYMENT_TARGET = 16.0;
				LD_RUNPATH_SEARCH_PATHS = (
					"$(inherited)",
					"@executable_path/Frameworks",
				);
				MARKETING_VERSION = 0.1;
				PRODUCT_BUNDLE_IDENTIFIER = com.Comeet;
				PRODUCT_NAME = "$(TARGET_NAME)";
				SWIFT_VERSION = 5.0;
				TARGETED_DEVICE_FAMILY = "1,2";
			};
			name = Release;
		};
/* End XCBuildConfiguration section */

/* Begin XCConfigurationList section */
		4C60112C24B562B6003B425A /* Build configuration list for PBXProject "Comeet" */ = {
			isa = XCConfigurationList;
			buildConfigurations = (
				4C60114324B562B8003B425A /* Debug */,
				4C60114424B562B8003B425A /* Release */,
			);
			defaultConfigurationIsVisible = 0;
			defaultConfigurationName = Release;
		};
		4C60114524B562B8003B425A /* Build configuration list for PBXNativeTarget "Comeet" */ = {
			isa = XCConfigurationList;
			buildConfigurations = (
				4C60114624B562B8003B425A /* Debug */,
				4C60114724B562B8003B425A /* Release */,
			);
			defaultConfigurationIsVisible = 0;
			defaultConfigurationName = Release;
		};
/* End XCConfigurationList section */

/* Begin XCRemoteSwiftPackageReference section */
		1F66ED832AEF54FB00E4450B /* XCRemoteSwiftPackageReference "firebase-ios-sdk" */ = {
			isa = XCRemoteSwiftPackageReference;
			repositoryURL = "https://github.com/firebase/firebase-ios-sdk";
			requirement = {
				kind = upToNextMajorVersion;
				minimumVersion = 10.16.0;
			};
		};
		4CA7441E2AF06E90002530D7 /* XCRemoteSwiftPackageReference "SDWebImageSwiftUI" */ = {
			isa = XCRemoteSwiftPackageReference;
			repositoryURL = "https://github.com/SDWebImage/SDWebImageSwiftUI.git";
			requirement = {
				kind = upToNextMajorVersion;
				minimumVersion = 2.2.4;
			};
		};
		4CC50CEF292D5980004B495B /* XCRemoteSwiftPackageReference "WrappingHStack" */ = {
			isa = XCRemoteSwiftPackageReference;
			repositoryURL = "https://github.com/dkk/WrappingHStack";
			requirement = {
				branch = main;
				kind = branch;
			};
		};
		4CDB5677292C9E6900873E65 /* XCRemoteSwiftPackageReference "SwiftUIBackports" */ = {
			isa = XCRemoteSwiftPackageReference;
			repositoryURL = "https://github.com/shaps80/SwiftUIBackports.git";
			requirement = {
				kind = upToNextMajorVersion;
				minimumVersion = 1.9.0;
			};
		};
/* End XCRemoteSwiftPackageReference section */

/* Begin XCSwiftPackageProductDependency section */
		1F66ED842AEF570400E4450B /* FirebaseAuth */ = {
			isa = XCSwiftPackageProductDependency;
			package = 1F66ED832AEF54FB00E4450B /* XCRemoteSwiftPackageReference "firebase-ios-sdk" */;
			productName = FirebaseAuth;
		};
		1F66ED862AEF570400E4450B /* FirebaseDatabase */ = {
			isa = XCSwiftPackageProductDependency;
			package = 1F66ED832AEF54FB00E4450B /* XCRemoteSwiftPackageReference "firebase-ios-sdk" */;
			productName = FirebaseDatabase;
		};
		1F66ED882AEF570400E4450B /* FirebaseDatabaseSwift */ = {
			isa = XCSwiftPackageProductDependency;
			package = 1F66ED832AEF54FB00E4450B /* XCRemoteSwiftPackageReference "firebase-ios-sdk" */;
			productName = FirebaseDatabaseSwift;
		};
		1F66ED8A2AEF570400E4450B /* FirebaseFirestore */ = {
			isa = XCSwiftPackageProductDependency;
			package = 1F66ED832AEF54FB00E4450B /* XCRemoteSwiftPackageReference "firebase-ios-sdk" */;
			productName = FirebaseFirestore;
		};
		1F66ED8C2AEF570400E4450B /* FirebaseFirestoreSwift */ = {
			isa = XCSwiftPackageProductDependency;
			package = 1F66ED832AEF54FB00E4450B /* XCRemoteSwiftPackageReference "firebase-ios-sdk" */;
			productName = FirebaseFirestoreSwift;
		};
		1F66ED8E2AEF570400E4450B /* FirebaseFunctions */ = {
			isa = XCSwiftPackageProductDependency;
			package = 1F66ED832AEF54FB00E4450B /* XCRemoteSwiftPackageReference "firebase-ios-sdk" */;
			productName = FirebaseFunctions;
		};
		1F66ED902AEF570400E4450B /* FirebaseFunctionsCombine-Community */ = {
			isa = XCSwiftPackageProductDependency;
			package = 1F66ED832AEF54FB00E4450B /* XCRemoteSwiftPackageReference "firebase-ios-sdk" */;
			productName = "FirebaseFunctionsCombine-Community";
		};
		1F66ED922AEF570400E4450B /* FirebaseInAppMessaging-Beta */ = {
			isa = XCSwiftPackageProductDependency;
			package = 1F66ED832AEF54FB00E4450B /* XCRemoteSwiftPackageReference "firebase-ios-sdk" */;
			productName = "FirebaseInAppMessaging-Beta";
		};
		1F66ED942AEF570400E4450B /* FirebaseInAppMessagingSwift-Beta */ = {
			isa = XCSwiftPackageProductDependency;
			package = 1F66ED832AEF54FB00E4450B /* XCRemoteSwiftPackageReference "firebase-ios-sdk" */;
			productName = "FirebaseInAppMessagingSwift-Beta";
		};
		1F66ED962AEF570400E4450B /* FirebaseMessaging */ = {
			isa = XCSwiftPackageProductDependency;
			package = 1F66ED832AEF54FB00E4450B /* XCRemoteSwiftPackageReference "firebase-ios-sdk" */;
			productName = FirebaseMessaging;
		};
		1F66ED982AEF570400E4450B /* FirebaseStorage */ = {
			isa = XCSwiftPackageProductDependency;
			package = 1F66ED832AEF54FB00E4450B /* XCRemoteSwiftPackageReference "firebase-ios-sdk" */;
			productName = FirebaseStorage;
		};
		1F66ED9A2AEF570400E4450B /* FirebaseStorageCombine-Community */ = {
			isa = XCSwiftPackageProductDependency;
			package = 1F66ED832AEF54FB00E4450B /* XCRemoteSwiftPackageReference "firebase-ios-sdk" */;
			productName = "FirebaseStorageCombine-Community";
		};
		4CA7441F2AF06E90002530D7 /* SDWebImageSwiftUI */ = {
			isa = XCSwiftPackageProductDependency;
			package = 4CA7441E2AF06E90002530D7 /* XCRemoteSwiftPackageReference "SDWebImageSwiftUI" */;
			productName = SDWebImageSwiftUI;
		};
		4CC50CF0292D5980004B495B /* WrappingHStack */ = {
			isa = XCSwiftPackageProductDependency;
			package = 4CC50CEF292D5980004B495B /* XCRemoteSwiftPackageReference "WrappingHStack" */;
			productName = WrappingHStack;
		};
		4CDB5678292C9E6900873E65 /* SwiftUIBackports */ = {
			isa = XCSwiftPackageProductDependency;
			package = 4CDB5677292C9E6900873E65 /* XCRemoteSwiftPackageReference "SwiftUIBackports" */;
			productName = SwiftUIBackports;
		};
/* End XCSwiftPackageProductDependency section */
	};
	rootObject = 4C60112924B562B6003B425A /* Project object */;
}
